
Microsoft Visual Studio Solution File, Format Version 12.00
# Visual Studio Version 17
VisualStudioVersion = 17.13.35825.156 d17.13
MinimumVisualStudioVersion = 10.0.40219.1
Project("{FAE04EC0-301F-11D3-BF4B-00C04F79EFBC}") = "HelloWorldWinForm", "HelloWorldWinForm.csproj", "{87F6CE73-1C26-4D3B-9E73-0FA05DB1EB9C}"
EndProject
Global
	GlobalSection(SolutionConfigurationPlatforms) = preSolution
		Debug|Any CPU = Debug|Any CPU
		Release|Any CPU = Release|Any CPU
	EndGlobalSection
	GlobalSection(ProjectConfigurationPlatforms) = postSolution
		{87F6CE73-1C26-4D3B-9E73-0FA05DB1EB9C}.Debug|Any CPU.ActiveCfg = Debug|Any CPU
		{87F6CE73-1C26-4D3B-9E73-0FA05DB1EB9C}.Debug|Any CPU.Build.0 = Debug|Any CPU
		{87F6CE73-1C26-4D3B-9E73-0FA05DB1EB9C}.Release|Any CPU.ActiveCfg = Release|Any CPU
		{87F6CE73-1C26-4D3B-9E73-0FA05DB1EB9C}.Release|Any CPU.Build.0 = Release|Any CPU
	EndGlobalSection
	GlobalSection(SolutionProperties) = preSolution
		HideSolutionNode = FALSE
	EndGlobalSection
	GlobalSection(ExtensibilityGlobals) = postSolution
		SolutionGuid = {C3AD1534-0C52-43B0-9ED1-541E3D9F539B}
	EndGlobalSection
EndGlobal
